// !$*UTF8*$!
{
	archiveVersion = 1;
	classes = {
	};
	objectVersion = 50;
	objects = {

/* Begin PBXBuildFile section */
		1AA10180E28092332A2C81DF /* CodableDataSource.swift in Sources */ = {isa = PBXBuildFile; fileRef = 1AA10C8F8F0F2A476713FF6C /* CodableDataSource.swift */; };
		1AA101A5A6E3440984D1C253 /* MirrorDataSource.swift in Sources */ = {isa = PBXBuildFile; fileRef = 1AA101EA651143D6D781DE52 /* MirrorDataSource.swift */; };
		1AA10F5E116D4F0197FE4197 /* boring.swift in Sources */ = {isa = PBXBuildFile; fileRef = 1AA10A45DF4C93E8456AC3E5 /* boring.swift */; };
		243630592149890500BC8A8B /* AppDelegate.swift in Sources */ = {isa = PBXBuildFile; fileRef = 243630582149890500BC8A8B /* AppDelegate.swift */; };
		2436305B2149890500BC8A8B /* ViewController.swift in Sources */ = {isa = PBXBuildFile; fileRef = 2436305A2149890500BC8A8B /* ViewController.swift */; };
		2436305E2149890500BC8A8B /* Main.storyboard in Resources */ = {isa = PBXBuildFile; fileRef = 2436305C2149890500BC8A8B /* Main.storyboard */; };
		243630602149890700BC8A8B /* Assets.xcassets in Resources */ = {isa = PBXBuildFile; fileRef = 2436305F2149890700BC8A8B /* Assets.xcassets */; };
		243630632149890800BC8A8B /* LaunchScreen.storyboard in Resources */ = {isa = PBXBuildFile; fileRef = 243630612149890800BC8A8B /* LaunchScreen.storyboard */; };
/* End PBXBuildFile section */

/* Begin PBXFileReference section */
		1AA101EA651143D6D781DE52 /* MirrorDataSource.swift */ = {isa = PBXFileReference; fileEncoding = 4; lastKnownFileType = sourcecode.swift; path = MirrorDataSource.swift; sourceTree = "<group>"; };
		1AA10A45DF4C93E8456AC3E5 /* boring.swift */ = {isa = PBXFileReference; fileEncoding = 4; lastKnownFileType = sourcecode.swift; path = boring.swift; sourceTree = "<group>"; };
		1AA10C8F8F0F2A476713FF6C /* CodableDataSource.swift */ = {isa = PBXFileReference; fileEncoding = 4; lastKnownFileType = sourcecode.swift; path = CodableDataSource.swift; sourceTree = "<group>"; };
		243630552149890500BC8A8B /* CodableForms.app */ = {isa = PBXFileReference; explicitFileType = wrapper.application; includeInIndex = 0; path = CodableForms.app; sourceTree = BUILT_PRODUCTS_DIR; };
		243630582149890500BC8A8B /* AppDelegate.swift */ = {isa = PBXFileReference; lastKnownFileType = sourcecode.swift; path = AppDelegate.swift; sourceTree = "<group>"; };
		2436305A2149890500BC8A8B /* ViewController.swift */ = {isa = PBXFileReference; lastKnownFileType = sourcecode.swift; path = ViewController.swift; sourceTree = "<group>"; };
		2436305D2149890500BC8A8B /* Base */ = {isa = PBXFileReference; lastKnownFileType = file.storyboard; name = Base; path = Base.lproj/Main.storyboard; sourceTree = "<group>"; };
		2436305F2149890700BC8A8B /* Assets.xcassets */ = {isa = PBXFileReference; lastKnownFileType = folder.assetcatalog; path = Assets.xcassets; sourceTree = "<group>"; };
		243630622149890800BC8A8B /* Base */ = {isa = PBXFileReference; lastKnownFileType = file.storyboard; name = Base; path = Base.lproj/LaunchScreen.storyboard; sourceTree = "<group>"; };
		243630642149890800BC8A8B /* Info.plist */ = {isa = PBXFileReference; lastKnownFileType = text.plist.xml; path = Info.plist; sourceTree = "<group>"; };
/* End PBXFileReference section */

/* Begin PBXFrameworksBuildPhase section */
		243630522149890500BC8A8B /* Frameworks */ = {
			isa = PBXFrameworksBuildPhase;
			buildActionMask = 2147483647;
			files = (
			);
			runOnlyForDeploymentPostprocessing = 0;
		};
/* End PBXFrameworksBuildPhase section */

/* Begin PBXGroup section */
		2436304C2149890500BC8A8B = {
			isa = PBXGroup;
			children = (
				243630572149890500BC8A8B /* CodableForms */,
				243630562149890500BC8A8B /* Products */,
			);
			sourceTree = "<group>";
		};
		243630562149890500BC8A8B /* Products */ = {
			isa = PBXGroup;
			children = (
				243630552149890500BC8A8B /* CodableForms.app */,
			);
			name = Products;
			sourceTree = "<group>";
		};
		243630572149890500BC8A8B /* CodableForms */ = {
			isa = PBXGroup;
			children = (
				243630582149890500BC8A8B /* AppDelegate.swift */,
				2436305A2149890500BC8A8B /* ViewController.swift */,
				2436305C2149890500BC8A8B /* Main.storyboard */,
				2436305F2149890700BC8A8B /* Assets.xcassets */,
				243630612149890800BC8A8B /* LaunchScreen.storyboard */,
				243630642149890800BC8A8B /* Info.plist */,
				1AA10A45DF4C93E8456AC3E5 /* boring.swift */,
				1AA10C8F8F0F2A476713FF6C /* CodableDataSource.swift */,
				1AA101EA651143D6D781DE52 /* MirrorDataSource.swift */,
			);
			path = CodableForms;
			sourceTree = "<group>";
		};
/* End PBXGroup section */

/* Begin PBXNativeTarget section */
		243630542149890500BC8A8B /* CodableForms */ = {
			isa = PBXNativeTarget;
			buildConfigurationList = 243630672149890800BC8A8B /* Build configuration list for PBXNativeTarget "CodableForms" */;
			buildPhases = (
				243630512149890500BC8A8B /* Sources */,
				243630522149890500BC8A8B /* Frameworks */,
				243630532149890500BC8A8B /* Resources */,
			);
			buildRules = (
			);
			dependencies = (
			);
			name = CodableForms;
			productName = CodableForms;
			productReference = 243630552149890500BC8A8B /* CodableForms.app */;
			productType = "com.apple.product-type.application";
		};
/* End PBXNativeTarget section */

/* Begin PBXProject section */
		2436304D2149890500BC8A8B /* Project object */ = {
			isa = PBXProject;
			attributes = {
				LastSwiftUpdateCheck = 1000;
				LastUpgradeCheck = 1000;
				TargetAttributes = {
					243630542149890500BC8A8B = {
						CreatedOnToolsVersion = 10.0;
					};
				};
			};
			buildConfigurationList = 243630502149890500BC8A8B /* Build configuration list for PBXProject "CodableForms" */;
			compatibilityVersion = "Xcode 9.3";
			developmentRegion = en;
			hasScannedForEncodings = 0;
			knownRegions = (
				en,
				Base,
			);
			mainGroup = 2436304C2149890500BC8A8B;
			productRefGroup = 243630562149890500BC8A8B /* Products */;
			projectDirPath = "";
			projectRoot = "";
			targets = (
				243630542149890500BC8A8B /* CodableForms */,
			);
		};
/* End PBXProject section */

/* Begin PBXResourcesBuildPhase section */
		243630532149890500BC8A8B /* Resources */ = {
			isa = PBXResourcesBuildPhase;
			buildActionMask = 2147483647;
			files = (
				243630632149890800BC8A8B /* LaunchScreen.storyboard in Resources */,
				243630602149890700BC8A8B /* Assets.xcassets in Resources */,
				2436305E2149890500BC8A8B /* Main.storyboard in Resources */,
			);
			runOnlyForDeploymentPostprocessing = 0;
		};
/* End PBXResourcesBuildPhase section */

/* Begin PBXSourcesBuildPhase section */
		243630512149890500BC8A8B /* Sources */ = {
			isa = PBXSourcesBuildPhase;
			buildActionMask = 2147483647;
			files = (
				2436305B2149890500BC8A8B /* ViewController.swift in Sources */,
				243630592149890500BC8A8B /* AppDelegate.swift in Sources */,
				1AA10F5E116D4F0197FE4197 /* boring.swift in Sources */,
				1AA10180E28092332A2C81DF /* CodableDataSource.swift in Sources */,
				1AA101A5A6E3440984D1C253 /* MirrorDataSource.swift in Sources */,
			);
			runOnlyForDeploymentPostprocessing = 0;
		};
/* End PBXSourcesBuildPhase section */

/* Begin PBXVariantGroup section */
		2436305C2149890500BC8A8B /* Main.storyboard */ = {
			isa = PBXVariantGroup;
			children = (
				2436305D2149890500BC8A8B /* Base */,
			);
			name = Main.storyboard;
			sourceTree = "<group>";
		};
		243630612149890800BC8A8B /* LaunchScreen.storyboard */ = {
			isa = PBXVariantGroup;
			children = (
				243630622149890800BC8A8B /* Base */,
			);
			name = LaunchScreen.storyboard;
			sourceTree = "<group>";
		};
/* End PBXVariantGroup section */

/* Begin XCBuildConfiguration section */
		243630652149890800BC8A8B /* Debug */ = {
			isa = XCBuildConfiguration;
			buildSettings = {
				ALWAYS_SEARCH_USER_PATHS = NO;
				CLANG_ANALYZER_NONNULL = YES;
				CLANG_ANALYZER_NUMBER_OBJECT_CONVERSION = YES_AGGRESSIVE;
				CLANG_CXX_LANGUAGE_STANDARD = "gnu++14";
				CLANG_CXX_LIBRARY = "libc++";
				CLANG_ENABLE_MODULES = YES;
				CLANG_ENABLE_OBJC_ARC = YES;
				CLANG_ENABLE_OBJC_WEAK = YES;
				CLANG_WARN_BLOCK_CAPTURE_AUTORELEASING = YES;
				CLANG_WARN_BOOL_CONVERSION = YES;
				CLANG_WARN_COMMA = YES;
				CLANG_WARN_CONSTANT_CONVERSION = YES;
				CLANG_WARN_DEPRECATED_OBJC_IMPLEMENTATIONS = YES;
				CLANG_WARN_DIRECT_OBJC_ISA_USAGE = YES_ERROR;
				CLANG_WARN_DOCUMENTATION_COMMENTS = YES;
				CLANG_WARN_EMPTY_BODY = YES;
				CLANG_WARN_ENUM_CONVERSION = YES;
				CLANG_WARN_INFINITE_RECURSION = YES;
				CLANG_WARN_INT_CONVERSION = YES;
				CLANG_WARN_NON_LITERAL_NULL_CONVERSION = YES;
				CLANG_WARN_OBJC_IMPLICIT_RETAIN_SELF = YES;
				CLANG_WARN_OBJC_LITERAL_CONVERSION = YES;
				CLANG_WARN_OBJC_ROOT_CLASS = YES_ERROR;
				CLANG_WARN_RANGE_LOOP_ANALYSIS = YES;
				CLANG_WARN_STRICT_PROTOTYPES = YES;
				CLANG_WARN_SUSPICIOUS_MOVE = YES;
				CLANG_WARN_UNGUARDED_AVAILABILITY = YES_AGGRESSIVE;
				CLANG_WARN_UNREACHABLE_CODE = YES;
				CLANG_WARN__DUPLICATE_METHOD_MATCH = YES;
				CODE_SIGN_IDENTITY = "iPhone Developer";
				COPY_PHASE_STRIP = NO;
				DEBUG_INFORMATION_FORMAT = dwarf;
				ENABLE_STRICT_OBJC_MSGSEND = YES;
				ENABLE_TESTABILITY = YES;
				GCC_C_LANGUAGE_STANDARD = gnu11;
				GCC_DYNAMIC_NO_PIC = NO;
				GCC_NO_COMMON_BLOCKS = YES;
				GCC_OPTIMIZATION_LEVEL = 0;
				GCC_PREPROCESSOR_DEFINITIONS = (
					"DEBUG=1",
					"$(inherited)",
				);
				GCC_WARN_64_TO_32_BIT_CONVERSION = YES;
				GCC_WARN_ABOUT_RETURN_TYPE = YES_ERROR;
				GCC_WARN_UNDECLARED_SELECTOR = YES;
				GCC_WARN_UNINITIALIZED_AUTOS = YES_AGGRESSIVE;
				GCC_WARN_UNUSED_FUNCTION = YES;
				GCC_WARN_UNUSED_VARIABLE = YES;
				IPHONEOS_DEPLOYMENT_TARGET = 12.0;
				MTL_ENABLE_DEBUG_INFO = INCLUDE_SOURCE;
				MTL_FAST_MATH = YES;
				ONLY_ACTIVE_ARCH = YES;
				SDKROOT = iphoneos;
				SWIFT_ACTIVE_COMPILATION_CONDITIONS = DEBUG;
				SWIFT_OPTIMIZATION_LEVEL = "-Onone";
			};
			name = Debug;
		};
		243630662149890800BC8A8B /* Release */ = {
			isa = XCBuildConfiguration;
			buildSettings = {
				ALWAYS_SEARCH_USER_PATHS = NO;
				CLANG_ANALYZER_NONNULL = YES;
				CLANG_ANALYZER_NUMBER_OBJECT_CONVERSION = YES_AGGRESSIVE;
				CLANG_CXX_LANGUAGE_STANDARD = "gnu++14";
				CLANG_CXX_LIBRARY = "libc++";
				CLANG_ENABLE_MODULES = YES;
				CLANG_ENABLE_OBJC_ARC = YES;
				CLANG_ENABLE_OBJC_WEAK = YES;
				CLANG_WARN_BLOCK_CAPTURE_AUTORELEASING = YES;
				CLANG_WARN_BOOL_CONVERSION = YES;
				CLANG_WARN_COMMA = YES;
				CLANG_WARN_CONSTANT_CONVERSION = YES;
				CLANG_WARN_DEPRECATED_OBJC_IMPLEMENTATIONS = YES;
				CLANG_WARN_DIRECT_OBJC_ISA_USAGE = YES_ERROR;
				CLANG_WARN_DOCUMENTATION_COMMENTS = YES;
				CLANG_WARN_EMPTY_BODY = YES;
				CLANG_WARN_ENUM_CONVERSION = YES;
				CLANG_WARN_INFINITE_RECURSION = YES;
				CLANG_WARN_INT_CONVERSION = YES;
				CLANG_WARN_NON_LITERAL_NULL_CONVERSION = YES;
				CLANG_WARN_OBJC_IMPLICIT_RETAIN_SELF = YES;
				CLANG_WARN_OBJC_LITERAL_CONVERSION = YES;
				CLANG_WARN_OBJC_ROOT_CLASS = YES_ERROR;
				CLANG_WARN_RANGE_LOOP_ANALYSIS = YES;
				CLANG_WARN_STRICT_PROTOTYPES = YES;
				CLANG_WARN_SUSPICIOUS_MOVE = YES;
				CLANG_WARN_UNGUARDED_AVAILABILITY = YES_AGGRESSIVE;
				CLANG_WARN_UNREACHABLE_CODE = YES;
				CLANG_WARN__DUPLICATE_METHOD_MATCH = YES;
				CODE_SIGN_IDENTITY = "iPhone Developer";
				COPY_PHASE_STRIP = NO;
				DEBUG_INFORMATION_FORMAT = "dwarf-with-dsym";
				ENABLE_NS_ASSERTIONS = NO;
				ENABLE_STRICT_OBJC_MSGSEND = YES;
				GCC_C_LANGUAGE_STANDARD = gnu11;
				GCC_NO_COMMON_BLOCKS = YES;
				GCC_WARN_64_TO_32_BIT_CONVERSION = YES;
				GCC_WARN_ABOUT_RETURN_TYPE = YES_ERROR;
				GCC_WARN_UNDECLARED_SELECTOR = YES;
				GCC_WARN_UNINITIALIZED_AUTOS = YES_AGGRESSIVE;
				GCC_WARN_UNUSED_FUNCTION = YES;
				GCC_WARN_UNUSED_VARIABLE = YES;
				IPHONEOS_DEPLOYMENT_TARGET = 12.0;
				MTL_ENABLE_DEBUG_INFO = NO;
				MTL_FAST_MATH = YES;
				SDKROOT = iphoneos;
				SWIFT_COMPILATION_MODE = wholemodule;
				SWIFT_OPTIMIZATION_LEVEL = "-O";
				VALIDATE_PRODUCT = YES;
			};
			name = Release;
		};
		243630682149890800BC8A8B /* Debug */ = {
			isa = XCBuildConfiguration;
			buildSettings = {
				ASSETCATALOG_COMPILER_APPICON_NAME = AppIcon;
				CODE_SIGN_STYLE = Automatic;
				DEVELOPMENT_TEAM = VV5LUY2KBB;
				INFOPLIST_FILE = CodableForms/Info.plist;
				LD_RUNPATH_SEARCH_PATHS = (
					"$(inherited)",
					"@executable_path/Frameworks",
				);
				PRODUCT_BUNDLE_IDENTIFIER = de.nschum.CodableForms;
				PRODUCT_NAME = "$(TARGET_NAME)";
				SWIFT_VERSION = 4.2;
				TARGETED_DEVICE_FAMILY = "1,2";
			};
			name = Debug;
		};
		243630692149890800BC8A8B /* Release */ = {
			isa = XCBuildConfiguration;
			buildSettings = {
				ASSETCATALOG_COMPILER_APPICON_NAME = AppIcon;
				CODE_SIGN_STYLE = Automatic;
				DEVELOPMENT_TEAM = VV5LUY2KBB;
				INFOPLIST_FILE = CodableForms/Info.plist;
				LD_RUNPATH_SEARCH_PATHS = (
					"$(inherited)",
					"@executable_path/Frameworks",
				);
				PRODUCT_BUNDLE_IDENTIFIER = de.nschum.CodableForms;
				PRODUCT_NAME = "$(TARGET_NAME)";
				SWIFT_VERSION = 4.2;
				TARGETED_DEVICE_FAMILY = "1,2";
			};
			name = Release;
		};
/* End XCBuildConfiguration section */

/* Begin XCConfigurationList section */
		243630502149890500BC8A8B /* Build configuration list for PBXProject "CodableForms" */ = {
			isa = XCConfigurationList;
			buildConfigurations = (
				243630652149890800BC8A8B /* Debug */,
				243630662149890800BC8A8B /* Release */,
			);
			defaultConfigurationIsVisible = 0;
			defaultConfigurationName = Release;
		};
		243630672149890800BC8A8B /* Build configuration list for PBXNativeTarget "CodableForms" */ = {
			isa = XCConfigurationList;
			buildConfigurations = (
				243630682149890800BC8A8B /* Debug */,
				243630692149890800BC8A8B /* Release */,
			);
			defaultConfigurationIsVisible = 0;
			defaultConfigurationName = Release;
		};
/* End XCConfigurationList section */
	};
	rootObject = 2436304D2149890500BC8A8B /* Project object */;
}
